
Microsoft Visual Studio Solution File, Format Version 12.00
# Visual Studio Version 17
VisualStudioVersion = 17.8.34330.188
MinimumVisualStudioVersion = 10.0.40219.1
Project("{9A19103F-16F7-4668-BE54-9A1E7A4F7556}") = "muenzautomat", "muenzautomat\muenzautomat.csproj", "{B33F583D-484F-4AD1-ADBC-B8C5B22E5F86}"
EndProject
Project("{FAE04EC0-301F-11D3-BF4B-00C04F79EFBC}") = "Tests", "Tests\Tests.csproj", "{2431B463-4FDD-487C-93C6-F85ADC056CE3}"
EndProject
Global
	GlobalSection(SolutionConfigurationPlatforms) = preSolution
		Debug|Any CPU = Debug|Any CPU
		Release|Any CPU = Release|Any CPU
	EndGlobalSection
	GlobalSection(ProjectConfigurationPlatforms) = postSolution
		{B33F583D-484F-4AD1-ADBC-B8C5B22E5F86}.Debug|Any CPU.ActiveCfg = Debug|Any CPU
		{B33F583D-484F-4AD1-ADBC-B8C5B22E5F86}.Debug|Any CPU.Build.0 = Debug|Any CPU
		{B33F583D-484F-4AD1-ADBC-B8C5B22E5F86}.Release|Any CPU.ActiveCfg = Release|Any CPU
		{B33F583D-484F-4AD1-ADBC-B8C5B22E5F86}.Release|Any CPU.Build.0 = Release|Any CPU
		{2431B463-4FDD-487C-93C6-F85ADC056CE3}.Debug|Any CPU.ActiveCfg = Debug|Any CPU
		{2431B463-4FDD-487C-93C6-F85ADC056CE3}.Debug|Any CPU.Build.0 = Debug|Any CPU
		{2431B463-4FDD-487C-93C6-F85ADC056CE3}.Release|Any CPU.ActiveCfg = Release|Any CPU
		{2431B463-4FDD-487C-93C6-F85ADC056CE3}.Release|Any CPU.Build.0 = Release|Any CPU
	EndGlobalSection
	GlobalSection(SolutionProperties) = preSolution
		HideSolutionNode = FALSE
	EndGlobalSection
	GlobalSection(ExtensibilityGlobals) = postSolution
		SolutionGuid = {F6819117-6CE2-44ED-9031-C0BEE89CFEF7}
	EndGlobalSection
EndGlobal
